
Microsoft Visual Studio Solution File, Format Version 12.00
# Visual Studio 15
VisualStudioVersion = 15.0.28010.2046
MinimumVisualStudioVersion = 10.0.40219.1
Project("{9A19103F-16F7-4668-BE54-9A1E7A4F7556}") = "Chushka", "Chushka\Chushka.csproj", "{FA385E4C-3E44-43F8-8433-9F82A3FCC93B}"
EndProject
Project("{FAE04EC0-301F-11D3-BF4B-00C04F79EFBC}") = "Chushka.Data", "Chushka.Data\Chushka.Data.csproj", "{F974D53C-6769-4711-979C-88E195775DDD}"
EndProject
Project("{FAE04EC0-301F-11D3-BF4B-00C04F79EFBC}") = "Chushka.Models", "Chushka.Models\Chushka.Models.csproj", "{B182031C-38F4-441F-9E3C-DB4FD8A45405}"
EndProject
Project("{FAE04EC0-301F-11D3-BF4B-00C04F79EFBC}") = "Chushka.Services", "Chushka.Services\Chushka.Services.csproj", "{052F5049-585D-457B-9618-CAF300BB36B1}"
EndProject
Global
	GlobalSection(SolutionConfigurationPlatforms) = preSolution
		Debug|Any CPU = Debug|Any CPU
		Release|Any CPU = Release|Any CPU
	EndGlobalSection
	GlobalSection(ProjectConfigurationPlatforms) = postSolution
		{FA385E4C-3E44-43F8-8433-9F82A3FCC93B}.Debug|Any CPU.ActiveCfg = Debug|Any CPU
		{FA385E4C-3E44-43F8-8433-9F82A3FCC93B}.Debug|Any CPU.Build.0 = Debug|Any CPU
		{FA385E4C-3E44-43F8-8433-9F82A3FCC93B}.Release|Any CPU.ActiveCfg = Release|Any CPU
		{FA385E4C-3E44-43F8-8433-9F82A3FCC93B}.Release|Any CPU.Build.0 = Release|Any CPU
		{F974D53C-6769-4711-979C-88E195775DDD}.Debug|Any CPU.ActiveCfg = Debug|Any CPU
		{F974D53C-6769-4711-979C-88E195775DDD}.Debug|Any CPU.Build.0 = Debug|Any CPU
		{F974D53C-6769-4711-979C-88E195775DDD}.Release|Any CPU.ActiveCfg = Release|Any CPU
		{F974D53C-6769-4711-979C-88E195775DDD}.Release|Any CPU.Build.0 = Release|Any CPU
		{B182031C-38F4-441F-9E3C-DB4FD8A45405}.Debug|Any CPU.ActiveCfg = Debug|Any CPU
		{B182031C-38F4-441F-9E3C-DB4FD8A45405}.Debug|Any CPU.Build.0 = Debug|Any CPU
		{B182031C-38F4-441F-9E3C-DB4FD8A45405}.Release|Any CPU.ActiveCfg = Release|Any CPU
		{B182031C-38F4-441F-9E3C-DB4FD8A45405}.Release|Any CPU.Build.0 = Release|Any CPU
		{052F5049-585D-457B-9618-CAF300BB36B1}.Debug|Any CPU.ActiveCfg = Debug|Any CPU
		{052F5049-585D-457B-9618-CAF300BB36B1}.Debug|Any CPU.Build.0 = Debug|Any CPU
		{052F5049-585D-457B-9618-CAF300BB36B1}.Release|Any CPU.ActiveCfg = Release|Any CPU
		{052F5049-585D-457B-9618-CAF300BB36B1}.Release|Any CPU.Build.0 = Release|Any CPU
	EndGlobalSection
	GlobalSection(SolutionProperties) = preSolution
		HideSolutionNode = FALSE
	EndGlobalSection
	GlobalSection(ExtensibilityGlobals) = postSolution
		SolutionGuid = {D32DEB30-A69E-4AC1-9C82-C6A6FAC1A202}
	EndGlobalSection
EndGlobal
