
Microsoft Visual Studio Solution File, Format Version 12.00
# Visual Studio 15
VisualStudioVersion = 15.0.27703.2000
MinimumVisualStudioVersion = 10.0.40219.1
Project("{9A19103F-16F7-4668-BE54-9A1E7A4F7556}") = "SIS.HTTP", "SIS.HTTP\SIS.HTTP.csproj", "{BB377A5C-48A9-41CB-945B-A4274D630A56}"
EndProject
Project("{9A19103F-16F7-4668-BE54-9A1E7A4F7556}") = "SIS.WebServer", "SIS.WebServer\SIS.WebServer.csproj", "{304902E1-7B0F-4273-85E6-6048580C334C}"
EndProject
Project("{2150E333-8FDC-42A3-9474-1A3956D46DE8}") = "Apps", "Apps", "{27F6540E-2CFB-4884-B942-F1762AB135CF}"
EndProject
Project("{9A19103F-16F7-4668-BE54-9A1E7A4F7556}") = "SIS.Framework", "SIS.Framework\SIS.Framework.csproj", "{51C435B5-B604-42E5-9F34-510EE8833C11}"
EndProject
Project("{9A19103F-16F7-4668-BE54-9A1E7A4F7556}") = "CakeApp", "CakeApp\CakeApp.csproj", "{92CF4E62-1805-498D-8000-0C8CC237A642}"
EndProject
Global
	GlobalSection(SolutionConfigurationPlatforms) = preSolution
		Debug|Any CPU = Debug|Any CPU
		Release|Any CPU = Release|Any CPU
	EndGlobalSection
	GlobalSection(ProjectConfigurationPlatforms) = postSolution
		{BB377A5C-48A9-41CB-945B-A4274D630A56}.Debug|Any CPU.ActiveCfg = Debug|Any CPU
		{BB377A5C-48A9-41CB-945B-A4274D630A56}.Debug|Any CPU.Build.0 = Debug|Any CPU
		{BB377A5C-48A9-41CB-945B-A4274D630A56}.Release|Any CPU.ActiveCfg = Release|Any CPU
		{BB377A5C-48A9-41CB-945B-A4274D630A56}.Release|Any CPU.Build.0 = Release|Any CPU
		{304902E1-7B0F-4273-85E6-6048580C334C}.Debug|Any CPU.ActiveCfg = Debug|Any CPU
		{304902E1-7B0F-4273-85E6-6048580C334C}.Debug|Any CPU.Build.0 = Debug|Any CPU
		{304902E1-7B0F-4273-85E6-6048580C334C}.Release|Any CPU.ActiveCfg = Release|Any CPU
		{304902E1-7B0F-4273-85E6-6048580C334C}.Release|Any CPU.Build.0 = Release|Any CPU
		{51C435B5-B604-42E5-9F34-510EE8833C11}.Debug|Any CPU.ActiveCfg = Debug|Any CPU
		{51C435B5-B604-42E5-9F34-510EE8833C11}.Debug|Any CPU.Build.0 = Debug|Any CPU
		{51C435B5-B604-42E5-9F34-510EE8833C11}.Release|Any CPU.ActiveCfg = Release|Any CPU
		{51C435B5-B604-42E5-9F34-510EE8833C11}.Release|Any CPU.Build.0 = Release|Any CPU
		{92CF4E62-1805-498D-8000-0C8CC237A642}.Debug|Any CPU.ActiveCfg = Debug|Any CPU
		{92CF4E62-1805-498D-8000-0C8CC237A642}.Debug|Any CPU.Build.0 = Debug|Any CPU
		{92CF4E62-1805-498D-8000-0C8CC237A642}.Release|Any CPU.ActiveCfg = Release|Any CPU
		{92CF4E62-1805-498D-8000-0C8CC237A642}.Release|Any CPU.Build.0 = Release|Any CPU
	EndGlobalSection
	GlobalSection(SolutionProperties) = preSolution
		HideSolutionNode = FALSE
	EndGlobalSection
	GlobalSection(NestedProjects) = preSolution
		{92CF4E62-1805-498D-8000-0C8CC237A642} = {27F6540E-2CFB-4884-B942-F1762AB135CF}
	EndGlobalSection
	GlobalSection(ExtensibilityGlobals) = postSolution
		SolutionGuid = {9FB84BC9-E840-4027-B6FD-8E2AE6E3A99C}
	EndGlobalSection
EndGlobal
