
Microsoft Visual Studio Solution File, Format Version 12.00
# Visual Studio 15
VisualStudioVersion = 15.0.27703.2000
MinimumVisualStudioVersion = 10.0.40219.1
Project("{9A19103F-16F7-4668-BE54-9A1E7A4F7556}") = "01.EvenNumbersThread", "01.EvenNumbersThread\01.EvenNumbersThread.csproj", "{DF1E8601-D655-4F51-8821-A33A709CF6B1}"
EndProject
Project("{9A19103F-16F7-4668-BE54-9A1E7A4F7556}") = "02.SliceFile", "02.SliceFile\02.SliceFile.csproj", "{3FB28853-30BF-40BA-A3A0-2558670F93B9}"
EndProject
Project("{FAE04EC0-301F-11D3-BF4B-00C04F79EFBC}") = "03.SimpleWebServer", "03.SimpleWebServer\03.SimpleWebServer.csproj", "{5B8FADD9-CE67-4AE1-A565-9970120F3181}"
EndProject
Global
	GlobalSection(SolutionConfigurationPlatforms) = preSolution
		Debug|Any CPU = Debug|Any CPU
		Release|Any CPU = Release|Any CPU
	EndGlobalSection
	GlobalSection(ProjectConfigurationPlatforms) = postSolution
		{DF1E8601-D655-4F51-8821-A33A709CF6B1}.Debug|Any CPU.ActiveCfg = Debug|Any CPU
		{DF1E8601-D655-4F51-8821-A33A709CF6B1}.Debug|Any CPU.Build.0 = Debug|Any CPU
		{DF1E8601-D655-4F51-8821-A33A709CF6B1}.Release|Any CPU.ActiveCfg = Release|Any CPU
		{DF1E8601-D655-4F51-8821-A33A709CF6B1}.Release|Any CPU.Build.0 = Release|Any CPU
		{3FB28853-30BF-40BA-A3A0-2558670F93B9}.Debug|Any CPU.ActiveCfg = Debug|Any CPU
		{3FB28853-30BF-40BA-A3A0-2558670F93B9}.Debug|Any CPU.Build.0 = Debug|Any CPU
		{3FB28853-30BF-40BA-A3A0-2558670F93B9}.Release|Any CPU.ActiveCfg = Release|Any CPU
		{3FB28853-30BF-40BA-A3A0-2558670F93B9}.Release|Any CPU.Build.0 = Release|Any CPU
		{5B8FADD9-CE67-4AE1-A565-9970120F3181}.Debug|Any CPU.ActiveCfg = Debug|Any CPU
		{5B8FADD9-CE67-4AE1-A565-9970120F3181}.Debug|Any CPU.Build.0 = Debug|Any CPU
		{5B8FADD9-CE67-4AE1-A565-9970120F3181}.Release|Any CPU.ActiveCfg = Release|Any CPU
		{5B8FADD9-CE67-4AE1-A565-9970120F3181}.Release|Any CPU.Build.0 = Release|Any CPU
	EndGlobalSection
	GlobalSection(SolutionProperties) = preSolution
		HideSolutionNode = FALSE
	EndGlobalSection
	GlobalSection(ExtensibilityGlobals) = postSolution
		SolutionGuid = {BAC13705-F9DD-4186-873F-DFCFEEB9AF01}
	EndGlobalSection
EndGlobal
